
Microsoft Visual Studio Solution File, Format Version 12.00
Project("{8BC9CEB8-8B4A-11D0-8D11-00A0C91BC942}") = "Instant", "Instant\Instant.vcxproj", "{CC8ABB1F-762D-41D8-8476-9091BEBBB5FB}"
EndProject
Project("{8BC9CEB8-8B4A-11D0-8D11-00A0C91BC942}") = "ISDF17", "ISDF17\ISDF17.vcxproj", "{586DE849-BC70-4012-B197-BB3206EB365D}"
EndProject
Global
	GlobalSection(SolutionConfigurationPlatforms) = preSolution
		Debug|Win32 = Debug|Win32
		Release|Win32 = Release|Win32
	EndGlobalSection
	GlobalSection(ProjectConfigurationPlatforms) = postSolution
		{CC8ABB1F-762D-41D8-8476-9091BEBBB5FB}.Debug|Win32.ActiveCfg = Debug|Win32
		{CC8ABB1F-762D-41D8-8476-9091BEBBB5FB}.Debug|Win32.Build.0 = Debug|Win32
		{CC8ABB1F-762D-41D8-8476-9091BEBBB5FB}.Release|Win32.ActiveCfg = Release|Win32
		{CC8ABB1F-762D-41D8-8476-9091BEBBB5FB}.Release|Win32.Build.0 = Release|Win32
		{586DE849-BC70-4012-B197-BB3206EB365D}.Debug|Win32.ActiveCfg = Debug|Win32
		{586DE849-BC70-4012-B197-BB3206EB365D}.Debug|Win32.Build.0 = Debug|Win32
		{586DE849-BC70-4012-B197-BB3206EB365D}.Release|Win32.ActiveCfg = Release|Win32
		{586DE849-BC70-4012-B197-BB3206EB365D}.Release|Win32.Build.0 = Release|Win32
	EndGlobalSection
EndGlobal
